// !$*UTF8*$!
{
    archiveVersion = 1;
    classes = {
    };
    objectVersion = 46;
    objects = {

/* Begin PBXAggregateTarget section */
		AAE08E5E21B1FE4599A1DEB6 /* Framework */ = {
			isa = PBXAggregateTarget;
			buildConfigurationList = AABADB01077F444FCBBF609E /* Build configuration list for PBXAggregateTarget "Framework" */;
			buildPhases = (
				AA0C8F7EE77332455BB2F5FC /* MultiBuild Framework */,
			);
			dependencies = (
				AA2EBF2F3EB1A1475AB3F4CF /* PBXTargetDependency */,
			);
			name = Framework;
			productName = Framework;
		};
/* End PBXAggregateTarget section */

/* Begin PBXBuildFile section */
        AAFE2EABAD5B4F46E098DCDE /* Foundation.framework in Frameworks */ = {isa = PBXBuildFile; fileRef = AA4D352B8E214B4D739665CA /* Foundation.framework */; };
        AAD2C5B0500B624CFD86A85E /* Foundation.framework in Frameworks */ = {isa = PBXBuildFile; fileRef = AA4D352B8E214B4D739665CA /* Foundation.framework */; };
        AA9F0EBCE21F974E8C9A562B /* UIKit.framework in Frameworks */ = {isa = PBXBuildFile; fileRef = AA298F75BD601841C6BB4E5A /* UIKit.framework */; };
        AA628717AC9670487D9AC1F1 /* libBuzzlogixTextAnalysisAPI.a in Frameworks */ = {isa = PBXBuildFile; fileRef = AA591BF4C30C7A4F1485FC4F /* libBuzzlogixTextAnalysisAPI.a */; };
        AAA354BF033B014513B28137 /* APIHelper.m in Sources */ = {isa = PBXBuildFile; fileRef = AA0B305AC9E7E346E0B434A5 /* APIHelper.m */; };
        AAC4F39CA5C2D84B65937E21 /* APIError.m in Sources */ = {isa = PBXBuildFile; fileRef = AA903E1499CAFA483DAE5377 /* APIError.m */; };
        AA890A65B0490A4CEC81A777 /* Configuration.m in Sources */ = {isa = PBXBuildFile; fileRef = AAAC827E8288DC4F51B9EF3A /* Configuration.m */; };
		AA48041726DF2240219001C5 /* TwittersentimentController.h in Headers */ = {isa = PBXBuildFile; fileRef = AA90691A513C03404EBAC487 /* TwittersentimentController.h */; settings = {ATTRIBUTES = (Public, ); }; };
		AAE7B31C6120BD415C9D1F36 /* TwittersentimentController.m in Sources */ = {isa = PBXBuildFile; fileRef = AA124EBE63DD3A4C49BB512D /* TwittersentimentController.m */; };
		AA12C4570AC8984ACB97E48E /* KeywordsController.h in Headers */ = {isa = PBXBuildFile; fileRef = AAFA80F93D022C493AAC0779 /* KeywordsController.h */; settings = {ATTRIBUTES = (Public, ); }; };
		AA784B0A4B78B34D9DAFC361 /* KeywordsController.m in Sources */ = {isa = PBXBuildFile; fileRef = AA9AAFA0C53C804DC8AA2EF3 /* KeywordsController.m */; };
		AA5245867F84814A438AC1E2 /* ObjectivityController.h in Headers */ = {isa = PBXBuildFile; fileRef = AAE899002B87134E05822746 /* ObjectivityController.h */; settings = {ATTRIBUTES = (Public, ); }; };
		AAEDA3BA04A9D04643AB36DB /* ObjectivityController.m in Sources */ = {isa = PBXBuildFile; fileRef = AA538265F0EEA046DFA97FFA /* ObjectivityController.m */; };
		AABFD0DB658A4446828A9DA4 /* SentimentController.h in Headers */ = {isa = PBXBuildFile; fileRef = AAF043E5878F1648AE8C007A /* SentimentController.h */; settings = {ATTRIBUTES = (Public, ); }; };
		AAE91FD7DA619C42D5ABC4D3 /* SentimentController.m in Sources */ = {isa = PBXBuildFile; fileRef = AAEF0F7905475740F0BC96B2 /* SentimentController.m */; };
		AAAFCABD5D15D3424C850286 /* Configuration.h in Headers */ = {isa = PBXBuildFile; fileRef = AAF05D46087DDF44A3BD6797 /* Configuration.h */; settings = {ATTRIBUTES = (Public, ); }; };
		AAF571A4019B2A46EB915324 /* APIError.h in Headers */ = {isa = PBXBuildFile; fileRef = AA5598F52350D147CFA0CD87 /* APIError.h */; settings = {ATTRIBUTES = (Public, ); }; };
		AACCF7A5E9703D4422B6F0DB /* APIHelper.h in Headers */ = {isa = PBXBuildFile; fileRef = AA73152717E3DA4F6E9DA23E /* APIHelper.h */; settings = {ATTRIBUTES = (Public, ); }; };
		AA34AD619A59DC432AA2B5BD /* libPods.a in Frameworks */ = {isa = PBXBuildFile; fileRef = AA7EBC5A5DE08941F3B64515 /* libPods.a */; };
		AAEAD64F29F6E04D23929005 /* libJSONModel.a in Frameworks */ = {isa = PBXBuildFile; fileRef = AAB632B3E6126B47089671C6 /* libJSONModel.a */; };		
		AA304B1407FF9344E0A38112 /* libUnirest.a in Frameworks */ = {isa = PBXBuildFile; fileRef = AAD9D09A498B1242EF95DC98 /* libUnirest.a */; };
		AAD4F8D5607FA14B07ADA246 /* IHttpClient.h in Headers */ = {isa = PBXBuildFile; fileRef = AA2AF138D92B52470F9E5301 /* IHttpClient.h */; settings = {ATTRIBUTES = (Public, ); }; };
		AAEFA06039CD3946F19CEB6B /* HttpContext.h in Headers */ = {isa = PBXBuildFile; fileRef = AA6CA4E883E33D41F89FFF1A /* HttpContext.h */; settings = {ATTRIBUTES = (Public, ); }; };
		AA93E7B212132D40D3BBDD3D /* HttpContext.m in Sources */ = {isa = PBXBuildFile; fileRef = AA03359B9B7FEC4867B58FA4 /* HttpContext.m */; };

		AAECBB2638E31A4FF2B4F729 /* UnirestClient.h in Headers */ = {isa = PBXBuildFile; fileRef = AA1E1522A2702444EFB3E3B7 /* UnirestClient.h */; settings = {ATTRIBUTES = (Public, ); }; };
		AA052B1CACB6324222842325 /* UnirestClient.m in Sources */ = {isa = PBXBuildFile; fileRef = AA582B426E0AC348AC928304 /* UnirestClient.m */; };
		AA29C8DDCDCCC84880ADB4B4 /* HttpBodyRequest.h in Headers */ = {isa = PBXBuildFile; fileRef = AA256ED583017A4499BBBA66 /* HttpBodyRequest.h */; settings = {ATTRIBUTES = (Public, ); }; };
		AA07FE83753502431C806905 /* HttpBodyRequest.m in Sources */ = {isa = PBXBuildFile; fileRef = AA6D1A022C96504882B353E2 /* HttpBodyRequest.m */; };
		AAE7A8ADD97B5E46D6B54D21 /* HttpMethod.h in Headers */ = {isa = PBXBuildFile; fileRef = AA4674727E9D194EED960037 /* HttpMethod.h */; settings = {ATTRIBUTES = (Public, ); }; };
		AA0912401FC2C14BC8865852 /* HttpRequest.h in Headers */ = {isa = PBXBuildFile; fileRef = AA6E1D87A26E8F41EBBD38B5 /* HttpRequest.h */; settings = {ATTRIBUTES = (Public, ); }; };
		AA9ED03A40670F427E9FB09A /* HttpRequest.m in Sources */ = {isa = PBXBuildFile; fileRef = AAA163C7C5F9684C8AB6D470 /* HttpRequest.m */; };
		AABB38EB65C05C4D0C9AAE7F /* HttpResponse.h in Headers */ = {isa = PBXBuildFile; fileRef = AA307270A225A94B6C882496 /* HttpResponse.h */; settings = {ATTRIBUTES = (Public, ); }; };
		AAFB3A1566AAA14E2C819462 /* HttpResponse.m in Sources */ = {isa = PBXBuildFile; fileRef = AA1860BC1A815A444B873668 /* HttpResponse.m */; };
		AA2E2D539481854F25A74884 /* HttpStringResponse.h in Headers */ = {isa = PBXBuildFile; fileRef = AA9ADA1BD93871430DA48DEC /* HttpStringResponse.h */; settings = {ATTRIBUTES = (Public, ); }; };
		AAAEB3CED8D5DD493CA9067D /* HttpStringResponse.m in Sources */ = {isa = PBXBuildFile; fileRef = AA36011C97B1BC45E9B90594 /* HttpStringResponse.m */; };
		AA3F0CFB6B09BE4D06981B12 /* BaseController.h in Headers */ = {isa = PBXBuildFile; fileRef = AA84294A6CD92D4B3C9938A2 /* BaseController.h */; settings = {ATTRIBUTES = (Public, ); }; };
		AAFC2092E6C86A43E098C19D /* BaseController.m in Sources */ = {isa = PBXBuildFile; fileRef = AA9AB2AC8ABE8D4CFAB05118 /* BaseController.m */; };
/* End PBXBuildFile section */

/* Begin PBXContainerItemProxy section */
		AA50E62DDB5B8A4D068F4001 /* PBXContainerItemProxy */ = {
			isa = PBXContainerItemProxy;
			containerPortal = AAED374364E95045D180D4F9 /* Project object */;
			proxyType = 1;
			remoteGlobalIDString = AA1DDD2524DC794F9B8053D5;
			remoteInfo = BuzzlogixTextAnalysisAPI;
		};
        AA50E62DDB5B8A4D068F4001 /* PBXContainerItemProxy */ = {
            isa = PBXContainerItemProxy;
            containerPortal = AA576E3383A8C949B5B07AF1 /* Project object */;
            proxyType = 1;
            remoteGlobalIDString = AA1DDD2524DC794F9B8053D5;
            remoteInfo = BuzzlogixTextAnalysisAPI;
        };
/* End PBXContainerItemProxy section */

/* Begin PBXCopyFilesBuildPhase section */
        AAD276EE65CE9A4399B2EB80 /* CopyFiles */ = {
            isa = PBXCopyFilesBuildPhase;
            buildActionMask = 2147483647;
            dstPath = "include/$(PRODUCT_NAME)";
            dstSubfolderSpec = 16;
            files = (
            );
            runOnlyForDeploymentPostprocessing = 0;
        };
/* End PBXCopyFilesBuildPhase section */

/* Begin PBXFileReference section */
        AA591BF4C30C7A4F1485FC4F /* libBuzzlogixTextAnalysisAPI.a */ = {isa = PBXFileReference; explicitFileType = archive.ar; includeInIndex = 0; path = libBuzzlogixTextAnalysisAPI.a; sourceTree = BUILT_PRODUCTS_DIR; };
        AA4D352B8E214B4D739665CA /* Foundation.framework */ = {isa = PBXFileReference; lastKnownFileType = wrapper.framework; name = Foundation.framework; path = System/Library/Frameworks/Foundation.framework; sourceTree = SDKROOT; };
        AAF7100BD083BB4529A1E0BD /* BuzzlogixTextAnalysisAPI-Prefix.pch */ = {isa = PBXFileReference; lastKnownFileType = sourcecode.c.h; path = "BuzzlogixTextAnalysisAPI-Prefix.pch"; sourceTree = "<group>"; };
        AA298F75BD601841C6BB4E5A /* UIKit.framework */ = {isa = PBXFileReference; lastKnownFileType = wrapper.framework; name = UIKit.framework; path = Library/Frameworks/UIKit.framework; sourceTree = DEVELOPER_DIR; };
        AA0B305AC9E7E346E0B434A5 /* APIHelper.m */ = {isa = PBXFileReference; fileEncoding = 4; lastKnownFileType = sourcecode.c.objc; path = APIHelper.m; sourceTree = "<group>"; };
        AA73152717E3DA4F6E9DA23E /* APIHelper.h */ = {isa = PBXFileReference; fileEncoding = 4; lastKnownFileType = sourcecode.c.h; path = APIHelper.h; sourceTree = "<group>"; };		
        AA903E1499CAFA483DAE5377 /* APIError.m */ = {isa = PBXFileReference; fileEncoding = 4; lastKnownFileType = sourcecode.c.objc; path = APIError.m; sourceTree = "<group>"; };
        AA5598F52350D147CFA0CD87 /* APIError.h */ = {isa = PBXFileReference; fileEncoding = 4; lastKnownFileType = sourcecode.c.h; path = APIError.h; sourceTree = "<group>"; };
        AAAC827E8288DC4F51B9EF3A /* Configuration.m */ = {isa = PBXFileReference; fileEncoding = 4; lastKnownFileType = sourcecode.c.objc; path = Configuration.m; sourceTree = "<group>"; };
        AAF05D46087DDF44A3BD6797 /* Configuration.h */ = {isa = PBXFileReference; fileEncoding = 4; lastKnownFileType = sourcecode.c.h; path = Configuration.h; sourceTree = "<group>"; };
		AA90691A513C03404EBAC487 /* TwittersentimentController.h */ = {isa = PBXFileReference; fileEncoding = 4; lastKnownFileType = sourcecode.c.h; name = TwittersentimentController.h; path = Controllers/TwittersentimentController.h; sourceTree = "<group>"; };
		AA124EBE63DD3A4C49BB512D /* TwittersentimentController.m */ = {isa = PBXFileReference; fileEncoding = 4; lastKnownFileType = sourcecode.c.objc; name = TwittersentimentController.m; path = Controllers/TwittersentimentController.m; sourceTree = "<group>"; };
		AAFA80F93D022C493AAC0779 /* KeywordsController.h */ = {isa = PBXFileReference; fileEncoding = 4; lastKnownFileType = sourcecode.c.h; name = KeywordsController.h; path = Controllers/KeywordsController.h; sourceTree = "<group>"; };
		AA9AAFA0C53C804DC8AA2EF3 /* KeywordsController.m */ = {isa = PBXFileReference; fileEncoding = 4; lastKnownFileType = sourcecode.c.objc; name = KeywordsController.m; path = Controllers/KeywordsController.m; sourceTree = "<group>"; };
		AAE899002B87134E05822746 /* ObjectivityController.h */ = {isa = PBXFileReference; fileEncoding = 4; lastKnownFileType = sourcecode.c.h; name = ObjectivityController.h; path = Controllers/ObjectivityController.h; sourceTree = "<group>"; };
		AA538265F0EEA046DFA97FFA /* ObjectivityController.m */ = {isa = PBXFileReference; fileEncoding = 4; lastKnownFileType = sourcecode.c.objc; name = ObjectivityController.m; path = Controllers/ObjectivityController.m; sourceTree = "<group>"; };
		AAF043E5878F1648AE8C007A /* SentimentController.h */ = {isa = PBXFileReference; fileEncoding = 4; lastKnownFileType = sourcecode.c.h; name = SentimentController.h; path = Controllers/SentimentController.h; sourceTree = "<group>"; };
		AAEF0F7905475740F0BC96B2 /* SentimentController.m */ = {isa = PBXFileReference; fileEncoding = 4; lastKnownFileType = sourcecode.c.objc; name = SentimentController.m; path = Controllers/SentimentController.m; sourceTree = "<group>"; };
		AA7EBC5A5DE08941F3B64515 /* libPods.a */ = {isa = PBXFileReference; explicitFileType = archive.ar; includeInIndex = 0; path = libPods.a; sourceTree = BUILT_PRODUCTS_DIR; };
		AAB632B3E6126B47089671C6 /* libJSONModel.a */ = {isa = PBXFileReference; lastKnownFileType = file; name = "libJSONModel.a"; path = "libJSONModel.a"; sourceTree = "<group>"; };
		AAD9D09A498B1242EF95DC98 /* libUnirest.a */ = {isa = PBXFileReference; lastKnownFileType = file; name = "libUnirest.a"; path = "libUnirest.a"; sourceTree = "<group>"; };
        AA2AF138D92B52470F9E5301 /* IHttpClient.h */ = {isa = PBXFileReference; fileEncoding = 4; lastKnownFileType = sourcecode.c.h; name = IHttpClient.h; path = Http/Client/IHttpClient.h; sourceTree = "<group>"; };
		AA1E1522A2702444EFB3E3B7 /* UnirestClient.h */ = {isa = PBXFileReference; fileEncoding = 4; lastKnownFileType = sourcecode.c.h; name = UnirestClient.h; path = Http/Client/UnirestClient.h; sourceTree = "<group>"; };
		AA582B426E0AC348AC928304 /* UnirestClient.m */ = {isa = PBXFileReference; fileEncoding = 4; lastKnownFileType = sourcecode.c.objc; name = UnirestClient.m; path = Http/Client/UnirestClient.m; sourceTree = "<group>"; };
		AA6CA4E883E33D41F89FFF1A /* HttpContext.h */ = {isa = PBXFileReference; fileEncoding = 4; lastKnownFileType = sourcecode.c.h; name = HttpContext.h; path = Http/Client/HttpContext.h; sourceTree = "<group>"; };
		AA03359B9B7FEC4867B58FA4 /* HttpContext.m */ = {isa = PBXFileReference; fileEncoding = 4; lastKnownFileType = sourcecode.c.objc;name = HttpContext.m;  path = Http/Client/HttpContext.m; sourceTree = "<group>"; };

		AA256ED583017A4499BBBA66 /* HttpBodyRequest.h */ = {isa = PBXFileReference; fileEncoding = 4; lastKnownFileType = sourcecode.c.h; name = HttpBodyRequest.h; path = Http/Request/HttpBodyRequest.h; sourceTree = "<group>"; };
		AA6D1A022C96504882B353E2 /* HttpBodyRequest.m */ = {isa = PBXFileReference; fileEncoding = 4; lastKnownFileType = sourcecode.c.objc; name = HttpBodyRequest.m; path = Http/Request/HttpBodyRequest.m; sourceTree = "<group>"; };
		AA4674727E9D194EED960037 /* HttpMethod.h */ = {isa = PBXFileReference; fileEncoding = 4; lastKnownFileType = sourcecode.c.h; name = HttpMethod.h; path = Http/Request/HttpMethod.h; sourceTree = "<group>"; };
		AA6E1D87A26E8F41EBBD38B5 /* HttpRequest.h */ = {isa = PBXFileReference; fileEncoding = 4; lastKnownFileType = sourcecode.c.h; name = HttpRequest.h; path = Http/Request/HttpRequest.h; sourceTree = "<group>"; };
		AAA163C7C5F9684C8AB6D470 /* HttpRequest.m */ = {isa = PBXFileReference; fileEncoding = 4; lastKnownFileType = sourcecode.c.objc; name = HttpRequest.m; path = Http/Request/HttpRequest.m; sourceTree = "<group>"; };
		AA307270A225A94B6C882496 /* HttpResponse.h */ = {isa = PBXFileReference; fileEncoding = 4; lastKnownFileType = sourcecode.c.h; name = HttpResponse.h; path = Http/Response/HttpResponse.h; sourceTree = "<group>"; };
		AA1860BC1A815A444B873668 /* HttpResponse.m */ = {isa = PBXFileReference; fileEncoding = 4; lastKnownFileType = sourcecode.c.objc; name = HttpResponse.m; path = Http/Response/HttpResponse.m; sourceTree = "<group>"; };
		AA9ADA1BD93871430DA48DEC /* HttpStringResponse.h */ = {isa = PBXFileReference; fileEncoding = 4; lastKnownFileType = sourcecode.c.h; name = HttpStringResponse.h; path = Http/Response/HttpStringResponse.h; sourceTree = "<group>"; };
		AA36011C97B1BC45E9B90594 /* HttpStringResponse.m */ = {isa = PBXFileReference; fileEncoding = 4; lastKnownFileType = sourcecode.c.objc; name = HttpStringResponse.m; path = Http/Response/HttpStringResponse.m; sourceTree = "<group>"; };
		AA84294A6CD92D4B3C9938A2 /* BaseController.h */ = {isa = PBXFileReference; fileEncoding = 4; lastKnownFileType = sourcecode.c.h; name = BaseController.h; path = Controllers/BaseController.h; sourceTree = "<group>"; };
		AA9AB2AC8ABE8D4CFAB05118 /* BaseController.m */ = {isa = PBXFileReference; fileEncoding = 4; lastKnownFileType = sourcecode.c.objc; name = BaseController.m; path = Controllers/BaseController.m; sourceTree = "<group>"; };
/* End PBXFileReference section */

/* Begin PBXFrameworksBuildPhase section */
        AADC97E2FDB42643AFB796A5 /* Frameworks */ = {
            isa = PBXFrameworksBuildPhase;
            buildActionMask = 2147483647;
            files = (
                AAFE2EABAD5B4F46E098DCDE /* Foundation.framework in Frameworks */,
				AA304B1407FF9344E0A38112 /* libUnirest.a in Frameworks */,				
				AAEAD64F29F6E04D23929005 /* libJSONModel.a in Frameworks */,				
				AA34AD619A59DC432AA2B5BD /* libPods.a in Frameworks */,
            );
            runOnlyForDeploymentPostprocessing = 0;
        };
        AA6AF77CEC9C9D4E8A9BF2B4 /* Frameworks */ = {
            isa = PBXFrameworksBuildPhase;
            buildActionMask = 2147483647;
            files = (
                AA9F0EBCE21F974E8C9A562B /* UIKit.framework in Frameworks */,
                AA628717AC9670487D9AC1F1 /* libBuzzlogixTextAnalysisAPI.a in Frameworks */,
                AAD2C5B0500B624CFD86A85E /* Foundation.framework in Frameworks */,
            );
            runOnlyForDeploymentPostprocessing = 0;
        };
/* End PBXFrameworksBuildPhase section */

/* Begin PBXGroup section */
        AAAEE4298ECE2047C9AB53AC = {
            isa = PBXGroup;
            children = (
                AAC6091BCDC3DC449EA9BBC7 /* BuzzlogixTextAnalysisAPI */,
                AA61EF582CB8CB48209FD6E6 /* Frameworks */,
                AAD49406C29FA04F87B701BE /* Products */,
            );
            sourceTree = "<group>";
        };
        AAD49406C29FA04F87B701BE /* Products */ = {
            isa = PBXGroup;
            children = (
                AA591BF4C30C7A4F1485FC4F /* libBuzzlogixTextAnalysisAPI.a */,
            );
            name = Products;
            sourceTree = "<group>";
        };
        AA61EF582CB8CB48209FD6E6 /* Frameworks */ = {
            isa = PBXGroup;
            children = (
				AAD9D09A498B1242EF95DC98 /* libUnirest.a */,
				AAB632B3E6126B47089671C6 /* libJSONModel.a */,
				AA7EBC5A5DE08941F3B64515 /* libPods.a */,
                AA4D352B8E214B4D739665CA /* Foundation.framework */,
                AA298F75BD601841C6BB4E5A /* UIKit.framework */,
            );
            name = Frameworks;
            sourceTree = "<group>";
        };
        AAC6091BCDC3DC449EA9BBC7 /* BuzzlogixTextAnalysisAPI */ = {
            isa = PBXGroup;
            children = (
                AA7F7315E06C984DC2AA28CD /* Models */,
                AADC517B9B2F9245FBBD4801 /* Http */,
                AA29E6853DD7E94A718E0DF3 /* Controllers */,
                AAE867EBBE3C24478598F7D7 /* Supporting Files */,
                AA0B305AC9E7E346E0B434A5 /* APIHelper.m */,
                AA73152717E3DA4F6E9DA23E /* APIHelper.h */,
                AA903E1499CAFA483DAE5377 /* APIError.m */,
                AA5598F52350D147CFA0CD87 /* APIError.h */,
                AAAC827E8288DC4F51B9EF3A /* Configuration.m */,
                AAF05D46087DDF44A3BD6797 /* Configuration.h */,
            );
            path = BuzzlogixTextAnalysisAPI;
            sourceTree = "<group>";
        };
        AAE867EBBE3C24478598F7D7 /* Supporting Files */ = {
            isa = PBXGroup;
            children = (
                AAF7100BD083BB4529A1E0BD /* BuzzlogixTextAnalysisAPI-Prefix.pch */,
            );
            name = "Supporting Files";
            sourceTree = "<group>";
        };
        AA29E6853DD7E94A718E0DF3 /* Controllers */ = {
            isa = PBXGroup;
            children = (
				AA84294A6CD92D4B3C9938A2 /* BaseController.h */,
				AA9AB2AC8ABE8D4CFAB05118 /* BaseController.m */,
				AA90691A513C03404EBAC487 /* TwittersentimentController.h */,
				AA124EBE63DD3A4C49BB512D /* TwittersentimentController.m */,
				AAFA80F93D022C493AAC0779 /* KeywordsController.h */,
				AA9AAFA0C53C804DC8AA2EF3 /* KeywordsController.m */,
				AAE899002B87134E05822746 /* ObjectivityController.h */,
				AA538265F0EEA046DFA97FFA /* ObjectivityController.m */,
				AAF043E5878F1648AE8C007A /* SentimentController.h */,
				AAEF0F7905475740F0BC96B2 /* SentimentController.m */,
            );
            name = Controllers;
            sourceTree = "<group>";
        };
		AACA4A40559809429DA1A418 /* Client */ = {
			isa = PBXGroup;
			children = (
				AA2AF138D92B52470F9E5301 /* IHttpClient.h */,
				AA1E1522A2702444EFB3E3B7 /* UnirestClient.h */,
				AA582B426E0AC348AC928304 /* UnirestClient.m */,
				AA6CA4E883E33D41F89FFF1A /* HttpContext.h */,
				AA03359B9B7FEC4867B58FA4 /* HttpContext.m */,
			);
			name = Client;
			sourceTree = "<group>";
		};
		AADC517B9B2F9245FBBD4801 /* Http */ = {
			isa = PBXGroup;
			children = (
				AA7ECD7652885A4C2CA03054 /* Request */,
				AACA4A40559809429DA1A418 /* Client */,
				AA906BD03C59A94DBAA1A806 /* Response */,
			);
			name = Http;
			sourceTree = "<group>";
		};
		AA7ECD7652885A4C2CA03054 /* Request */ = {
			isa = PBXGroup;
			children = (
				AA256ED583017A4499BBBA66 /* HttpBodyRequest.h */,
				AA6D1A022C96504882B353E2 /* HttpBodyRequest.m */,
				AA4674727E9D194EED960037 /* HttpMethod.h */,
				AA6E1D87A26E8F41EBBD38B5 /* HttpRequest.h */,
				AAA163C7C5F9684C8AB6D470 /* HttpRequest.m */,
			);
			name = Request;
			sourceTree = "<group>";
		};
		AA906BD03C59A94DBAA1A806 /* Response */ = {
			isa = PBXGroup;
			children = (
				AA307270A225A94B6C882496 /* HttpResponse.h */,
				AA1860BC1A815A444B873668 /* HttpResponse.m */,
				AA9ADA1BD93871430DA48DEC /* HttpStringResponse.h */,
				AA36011C97B1BC45E9B90594 /* HttpStringResponse.m */,
			);
			name = Response;
			sourceTree = "<group>";
		};
        AA7F7315E06C984DC2AA28CD /* Models */ = {
            isa = PBXGroup;
            children = (
            );
            name = Models;
            sourceTree = "<group>";
        };
/* End PBXGroup section */

/* Begin PBXHeadersBuildPhase section */
		AA73DCCECF93CA445E946780 /* Headers */ = {
			isa = PBXHeadersBuildPhase;
			buildActionMask = 2147483647;
			files = (
		AA48041726DF2240219001C5 /* TwittersentimentController.h in Headers */,
		AA12C4570AC8984ACB97E48E /* KeywordsController.h in Headers */,
		AA5245867F84814A438AC1E2 /* ObjectivityController.h in Headers */,
		AABFD0DB658A4446828A9DA4 /* SentimentController.h in Headers */,
		AACCF7A5E9703D4422B6F0DB /* APIHelper.h in Headers */,
		AAAFCABD5D15D3424C850286 /* Configuration.h in Headers */,
		AAF571A4019B2A46EB915324 /* APIError.h in Headers */,
		AA29C8DDCDCCC84880ADB4B4 /* HttpBodyRequest.h in Headers */,
		AA0912401FC2C14BC8865852 /* HttpRequest.h in Headers */,
		AAD4F8D5607FA14B07ADA246 /* IHttpClient.h in Headers */,
		AAEFA06039CD3946F19CEB6B /* HttpContext.h in Headers */,

		AA3F0CFB6B09BE4D06981B12 /* BaseController.h in Headers */,
		AABB38EB65C05C4D0C9AAE7F /* HttpResponse.h in Headers */,
		AAECBB2638E31A4FF2B4F729 /* UnirestClient.h in Headers */,
		AA2E2D539481854F25A74884 /* HttpStringResponse.h in Headers */,
		AAE7A8ADD97B5E46D6B54D21 /* HttpMethod.h in Headers */,
			);
			runOnlyForDeploymentPostprocessing = 0;
		};
/* End PBXHeadersBuildPhase section */

/* Begin PBXNativeTarget section */
        AA1DDD2524DC794F9B8053D5 /* BuzzlogixTextAnalysisAPI */ = {
            isa = PBXNativeTarget;
            buildConfigurationList = AA8432EB5660E746CEB7CBF4 /* Build configuration list for PBXNativeTarget "BuzzlogixTextAnalysisAPI" */;
            buildPhases = (
                AAB07DFEB056AD49F3AA7A89 /* Sources */,
                AADC97E2FDB42643AFB796A5 /* Frameworks */,
                AAD276EE65CE9A4399B2EB80 /* CopyFiles */,
				AA73DCCECF93CA445E946780 /* Headers */,
				AAC9D6F150E52A4DFCB1A8C4 /* Build Framework */,
            );
            buildRules = (
            );
            dependencies = (
            );
            name = BuzzlogixTextAnalysisAPI;
            productName = BuzzlogixTextAnalysisAPI;
            productReference = AA591BF4C30C7A4F1485FC4F /* libBuzzlogixTextAnalysisAPI.a */;
            productType = "com.apple.product-type.library.static";
        };		
/* End PBXNativeTarget section */

/* Begin PBXProject section */
        AA576E3383A8C949B5B07AF1 /* Project object */ = {
            isa = PBXProject;
            attributes = {
                LastUpgradeCheck = 0500;
                ORGANIZATIONNAME = APIMatic;
            };
            buildConfigurationList = AA036F7CBBDE174BCDB7CA5B /* Build configuration list for PBXProject "BuzzlogixTextAnalysisAPI" */;
            compatibilityVersion = "Xcode 3.2";
            developmentRegion = English;
            hasScannedForEncodings = 0;
            knownRegions = (
                en,
            );
            mainGroup = AAAEE4298ECE2047C9AB53AC;
            productRefGroup = AAD49406C29FA04F87B701BE /* Products */;
            projectDirPath = "";
            projectRoot = "";
            targets = (
                AA1DDD2524DC794F9B8053D5 /* BuzzlogixTextAnalysisAPI */,
				AAE08E5E21B1FE4599A1DEB6 /* Framework */,
            );
        };
/* End PBXProject section */

/* Begin PBXShellScriptBuildPhase section */
		AAC9D6F150E52A4DFCB1A8C4 /* Build Framework */ = {
			isa = PBXShellScriptBuildPhase;
			buildActionMask = 2147483647;
			files = (
			);
			inputPaths = (
			);
			name = "Build Framework";
			outputPaths = (
			);
			runOnlyForDeploymentPostprocessing = 0;
			shellPath = /bin/sh;
			shellScript = "#Credit: http://www.raywenderlich.com/65964/create-a-framework-for-ios\nset -e\n\nexport FRAMEWORK_LOCN=\"${BUILT_PRODUCTS_DIR}/${PRODUCT_NAME}.framework\"\n\n# Create the path to the real Headers die\nmkdir -p \"${FRAMEWORK_LOCN}/Versions/A/Headers\"\n\n# Create the required symlinks\n/bin/ln -sfh A \"${FRAMEWORK_LOCN}/Versions/Current\"\n/bin/ln -sfh Versions/Current/Headers \"${FRAMEWORK_LOCN}/Headers\"\n/bin/ln -sfh \"Versions/Current/${PRODUCT_NAME}\" \\\n\"${FRAMEWORK_LOCN}/${PRODUCT_NAME}\"\n\n# Copy the public headers into the framework\n/bin/cp -f -r \"${PODS_ROOT}/Headers/Public/JSONModel/\" \\\n\"${FRAMEWORK_LOCN}/Versions/A/Headers\"\n\n# Copy the public headers into the framework\n/bin/cp -f -r \"${PODS_ROOT}/Headers/Public/Unirest/\" \\\n\"${FRAMEWORK_LOCN}/Versions/A/Headers\"\n\n# Copy the public headers into the framework\n/bin/cp -f -r \"${TARGET_BUILD_DIR}/${PUBLIC_HEADERS_FOLDER_PATH}/\" \\\n\"${FRAMEWORK_LOCN}/Versions/A/Headers\"";
		};
		AA0C8F7EE77332455BB2F5FC /* MultiBuild Framework */ = {
			isa = PBXShellScriptBuildPhase;
			buildActionMask = 2147483647;
			files = (
			);
			inputPaths = (
			);
			name = "MultiBuild Framework";
			outputPaths = (
			);
			runOnlyForDeploymentPostprocessing = 0;
			shellPath = /bin/sh;
			shellScript = "#Credit: http://www.raywenderlich.com/65964/create-a-framework-for-ios\nset -e\n\n# If we're already inside this script then die\nif [ -n \"$RW_MULTIPLATFORM_BUILD_IN_PROGRESS\" ]; then\nexit 0\nfi\n\nexport RW_MULTIPLATFORM_BUILD_IN_PROGRESS=1\n\nRW_FRAMEWORK_NAME=${PROJECT_NAME}\nRW_INPUT_STATIC_LIB=\"lib${PROJECT_NAME}.a\"\nRW_FRAMEWORK_LOCATION=\"${BUILT_PRODUCTS_DIR}/${RW_FRAMEWORK_NAME}.framework\"\n\nfunction build_static_library {\n    # Will rebuild the static library as specified\n    #     build_static_library sdk\n     \n     xcrun xcodebuild \\\n    -workspace \"${PROJECT_DIR}/${PROJECT_NAME}.xcworkspace\" \\\n    -scheme \"${TARGET_NAME}\" \\\n    -configuration \"${CONFIGURATION}\" \\\n    -sdk \"${1}\" \\\n    ONLY_ACTIVE_ARCH=NO \\\n    BUILD_DIR=\"${BUILD_DIR}\" \\\n    OBJROOT=\"${OBJROOT}\" \\\n    BUILD_ROOT=\"${BUILD_ROOT}\" \\\n    SYMROOT=\"${SYMROOT}\" $ACTION\n}\n\nfunction make_fat_library {\n    # Will smash 2 static libs together\n    #     make_fat_library in1 in2 out\n    xcrun lipo -create \"${1}\" \"${2}\" -output \"${3}\"\n}\n\n# 1 - Extract the platform (iphoneos/iphonesimulator) from the SDK name\nif [[ \"$SDK_NAME\" =~ ([A-Za-z]+) ]]; then\nRW_SDK_PLATFORM=${BASH_REMATCH[1]}\nelse\necho \"Could not find platform name from SDK_NAME: $SDK_NAME\"\nexit 1\nfi\n\n# 2 - Extract the version from the SDK\nif [[ \"$SDK_NAME\" =~ ([0-9]+.*$) ]]; then\nRW_SDK_VERSION=${BASH_REMATCH[1]}\nelse\necho \"Could not find sdk version from SDK_NAME: $SDK_NAME\"\nexit 1\nfi\n\n# 3 - Determine the other platform\nif [ \"$RW_SDK_PLATFORM\" == \"iphoneos\" ]; then\nRW_OTHER_PLATFORM=iphonesimulator\nelse\nRW_OTHER_PLATFORM=iphoneos\nfi\n\n# 4 - Find the build directory\nif [[ \"$BUILT_PRODUCTS_DIR\" =~ (.*)$RW_SDK_PLATFORM$ ]]; then\nRW_OTHER_BUILT_PRODUCTS_DIR=\"${BASH_REMATCH[1]}${RW_OTHER_PLATFORM}\"\nelse\necho \"Could not find other platform build directory.\"\nexit 1\nfi\n\n# Build the other platform.\nbuild_static_library \"${RW_OTHER_PLATFORM}${RW_SDK_VERSION}\"\n\n# If we're currently building for iphonesimulator, then need to rebuild\n#   to ensure that we get both i386 and x86_64\nif [ \"$RW_SDK_PLATFORM\" == \"iphonesimulator\" ]; then\nbuild_static_library \"${SDK_NAME}\"\nfi\n\n# Join the 2 static libs into 1 and push into the .framework\nmake_fat_library \"${BUILT_PRODUCTS_DIR}/${RW_INPUT_STATIC_LIB}\" \\\n\"${RW_OTHER_BUILT_PRODUCTS_DIR}/${RW_INPUT_STATIC_LIB}\" \\\n\"${RW_FRAMEWORK_LOCATION}/Versions/A/${RW_FRAMEWORK_NAME}\"\n\n# Ensure that the framework is present in both platform's build directories\ncp -a \"${RW_FRAMEWORK_LOCATION}/Versions/A/${RW_FRAMEWORK_NAME}\" \\\n\"${RW_OTHER_BUILT_PRODUCTS_DIR}/${RW_FRAMEWORK_NAME}.framework/Versions/A/${RW_FRAMEWORK_NAME}\"\n\n# Copy the framework to the user's desktop\nditto \"${RW_FRAMEWORK_LOCATION}\" \"${HOME}/Desktop/${RW_FRAMEWORK_NAME}.framework\"";
		};
/* End PBXShellScriptBuildPhase section */

/* Begin PBXSourcesBuildPhase section */
        AAB07DFEB056AD49F3AA7A89 /* Sources */ = {
            isa = PBXSourcesBuildPhase;
            buildActionMask = 2147483647;
            files = (
                AAA354BF033B014513B28137 /* APIHelper.m in Sources */,
                AAC4F39CA5C2D84B65937E21 /* APIError.m in Sources */,
                AA890A65B0490A4CEC81A777 /* Configuration.m in Sources */,
				AAE7B31C6120BD415C9D1F36 /* TwittersentimentController.m in Sources */,
				AA784B0A4B78B34D9DAFC361 /* KeywordsController.m in Sources */,
				AAEDA3BA04A9D04643AB36DB /* ObjectivityController.m in Sources */,
				AAE91FD7DA619C42D5ABC4D3 /* SentimentController.m in Sources */,
				 AA07FE83753502431C806905 /* HttpBodyRequest.m in Sources */,
				 AAFC2092E6C86A43E098C19D /* BaseController.m in Sources */,
				 AA052B1CACB6324222842325 /* UnirestClient.m in Sources */,
				 AA93E7B212132D40D3BBDD3D /* UnirestClient.m in Sources */,
				 AAFB3A1566AAA14E2C819462 /* HttpResponse.m in Sources */,
				 AAAEB3CED8D5DD493CA9067D /* HttpStringResponse.m in Sources */,
				 AA9ED03A40670F427E9FB09A /* HttpRequest.m in Sources */,
            );
            runOnlyForDeploymentPostprocessing = 0;
        };
/* End PBXSourcesBuildPhase section */

/* Begin PBXTargetDependency section */
		AA2EBF2F3EB1A1475AB3F4CF /* PBXTargetDependency */ = {
			isa = PBXTargetDependency;
			target = AA1DDD2524DC794F9B8053D5 /* BuzzlogixTextAnalysisAPI */;
			targetProxy = AA50E62DDB5B8A4D068F4001 /* PBXContainerItemProxy */;
		};
        AA8B660BE92B2A4773BADC3D /* PBXTargetDependency */ = {
            isa = PBXTargetDependency;
            target = AA1DDD2524DC794F9B8053D5 /* BuzzlogixTextAnalysisAPI */;
            targetProxy = AA50E62DDB5B8A4D068F4001 /* PBXContainerItemProxy */;
        };
/* End PBXTargetDependency section */

/* Begin XCBuildConfiguration section */
		AABCFFB47674A14F67B66287 /* Debug */ = {
			isa = XCBuildConfiguration;
			buildSettings = {
				PRODUCT_NAME = "$(TARGET_NAME)";
			};
			name = Debug;
		};
		AACD526340BF874E8E8954B2 /* Release */ = {
			isa = XCBuildConfiguration;
			buildSettings = {
				PRODUCT_NAME = "$(TARGET_NAME)";
			};
			name = Release;
		};
        AA3247973EA057407E8161A9 /* Debug */ = {
            isa = XCBuildConfiguration;
            buildSettings = {
                ALWAYS_SEARCH_USER_PATHS = NO;
                ARCHS = "$(ARCHS_STANDARD_INCLUDING_64_BIT)";
                CLANG_CXX_LANGUAGE_STANDARD = "gnu++0x";
                CLANG_CXX_LIBRARY = "libc++";
                CLANG_ENABLE_MODULES = YES;
                CLANG_ENABLE_OBJC_ARC = YES;
                CLANG_WARN_BOOL_CONVERSION = YES;
                CLANG_WARN_CONSTANT_CONVERSION = YES;
                CLANG_WARN_DIRECT_OBJC_ISA_USAGE = YES_ERROR;
                CLANG_WARN_EMPTY_BODY = YES;
                CLANG_WARN_ENUM_CONVERSION = YES;
                CLANG_WARN_INT_CONVERSION = YES;
                CLANG_WARN_OBJC_ROOT_CLASS = YES_ERROR;
                CLANG_WARN__DUPLICATE_METHOD_MATCH = YES;
                COPY_PHASE_STRIP = NO;
                GCC_C_LANGUAGE_STANDARD = gnu99;
                GCC_DYNAMIC_NO_PIC = NO;
                GCC_OPTIMIZATION_LEVEL = 0;
                GCC_PREPROCESSOR_DEFINITIONS = (
                    "DEBUG=1",
                    "$(inherited)",
                );
                GCC_SYMBOLS_PRIVATE_EXTERN = NO;
                GCC_WARN_64_TO_32_BIT_CONVERSION = YES;
                GCC_WARN_ABOUT_RETURN_TYPE = YES_ERROR;
                GCC_WARN_UNDECLARED_SELECTOR = YES;
                GCC_WARN_UNINITIALIZED_AUTOS = YES;
                GCC_WARN_UNUSED_FUNCTION = YES;
                GCC_WARN_UNUSED_VARIABLE = YES;
                IPHONEOS_DEPLOYMENT_TARGET = 7.0;
                ONLY_ACTIVE_ARCH = YES;
                SDKROOT = iphoneos;
            };
            name = Debug;
        };
        AA9022C40F1A9F4F0FA337B6 /* Release */ = {
            isa = XCBuildConfiguration;
            buildSettings = {
                ALWAYS_SEARCH_USER_PATHS = NO;
                ARCHS = "$(ARCHS_STANDARD_INCLUDING_64_BIT)";
                CLANG_CXX_LANGUAGE_STANDARD = "gnu++0x";
                CLANG_CXX_LIBRARY = "libc++";
                CLANG_ENABLE_MODULES = YES;
                CLANG_ENABLE_OBJC_ARC = YES;
                CLANG_WARN_BOOL_CONVERSION = YES;
                CLANG_WARN_CONSTANT_CONVERSION = YES;
                CLANG_WARN_DIRECT_OBJC_ISA_USAGE = YES_ERROR;
                CLANG_WARN_EMPTY_BODY = YES;
                CLANG_WARN_ENUM_CONVERSION = YES;
                CLANG_WARN_INT_CONVERSION = YES;
                CLANG_WARN_OBJC_ROOT_CLASS = YES_ERROR;
                CLANG_WARN__DUPLICATE_METHOD_MATCH = YES;
                COPY_PHASE_STRIP = YES;
                ENABLE_NS_ASSERTIONS = NO;
                GCC_C_LANGUAGE_STANDARD = gnu99;
                GCC_WARN_64_TO_32_BIT_CONVERSION = YES;
                GCC_WARN_ABOUT_RETURN_TYPE = YES_ERROR;
                GCC_WARN_UNDECLARED_SELECTOR = YES;
                GCC_WARN_UNINITIALIZED_AUTOS = YES;
                GCC_WARN_UNUSED_FUNCTION = YES;
                GCC_WARN_UNUSED_VARIABLE = YES;
                IPHONEOS_DEPLOYMENT_TARGET = 7.0;
                SDKROOT = iphoneos;
                VALIDATE_PRODUCT = YES;
            };
            name = Release;
        };
        AAC383908A60E94AA4ACC03E /* Debug */ = {
            isa = XCBuildConfiguration;
            buildSettings = {
                DEAD_CODE_STRIPPING = NO;
                DSTROOT = /tmp/BuzzlogixTextAnalysisAPI.dst;
                GCC_PRECOMPILE_PREFIX_HEADER = YES;
                GCC_PREFIX_HEADER = "BuzzlogixTextAnalysisAPI/BuzzlogixTextAnalysisAPI-Prefix.pch";
                OTHER_LDFLAGS = "";
                PRODUCT_NAME = "$(TARGET_NAME)";
				PUBLIC_HEADERS_FOLDER_PATH = "include/$(PROJECT_NAME)";
                SKIP_INSTALL = YES;
				STRIP_INSTALLED_PRODUCT = NO;
				STRIP_STYLE = "non-global";
            };
            name = Debug;
        };
        AA2734345D005D4654B0C7C3 /* Release */ = {
            isa = XCBuildConfiguration;
            buildSettings = {
				COPY_PHASE_STRIP = NO;
				DEAD_CODE_STRIPPING = NO;
                DSTROOT = /tmp/BuzzlogixTextAnalysisAPI.dst;
                GCC_PRECOMPILE_PREFIX_HEADER = YES;
                GCC_PREFIX_HEADER = "BuzzlogixTextAnalysisAPI/BuzzlogixTextAnalysisAPI-Prefix.pch";
                OTHER_LDFLAGS = "";
                PRODUCT_NAME = "$(TARGET_NAME)";
				PUBLIC_HEADERS_FOLDER_PATH = "include/$(PROJECT_NAME)";
                SKIP_INSTALL = YES;
				STRIP_INSTALLED_PRODUCT = NO;
				STRIP_STYLE = "non-global";
            };
            name = Release;
        };
/* End XCBuildConfiguration section */

/* Begin XCConfigurationList section */
		AABADB01077F444FCBBF609E /* Build configuration list for PBXAggregateTarget "Framework" */ = {
			isa = XCConfigurationList;
			buildConfigurations = (
				AABCFFB47674A14F67B66287 /* Debug */,
				AACD526340BF874E8E8954B2 /* Release */,
			);
			defaultConfigurationIsVisible = 0;
		};
        AA036F7CBBDE174BCDB7CA5B /* Build configuration list for PBXProject "BuzzlogixTextAnalysisAPI" */ = {
            isa = XCConfigurationList;
            buildConfigurations = (
                AA3247973EA057407E8161A9 /* Debug */,
                AA9022C40F1A9F4F0FA337B6 /* Release */,
            );
            defaultConfigurationIsVisible = 0;
            defaultConfigurationName = Release;
        };
        AA8432EB5660E746CEB7CBF4 /* Build configuration list for PBXNativeTarget "BuzzlogixTextAnalysisAPI" */ = {
            isa = XCConfigurationList;
            buildConfigurations = (
                AAC383908A60E94AA4ACC03E /* Debug */,
                AA2734345D005D4654B0C7C3 /* Release */,
            );
            defaultConfigurationIsVisible = 0;
            defaultConfigurationName = Release;
        };
/* End XCConfigurationList section */
    };
    rootObject = AA576E3383A8C949B5B07AF1 /* Project object */;
}