// !$*UTF8*$!
{
    archiveVersion = 1;
    classes = {
    };
    objectVersion = 46;
    objects = {

/* Begin PBXAggregateTarget section */
		AAF3F7FC328F2A4311986282 /* Framework */ = {
			isa = PBXAggregateTarget;
			buildConfigurationList = AAFCF93124C78B45B78A7086 /* Build configuration list for PBXAggregateTarget "Framework" */;
			buildPhases = (
				AA2A1974B6D4EA4B59B216AA /* MultiBuild Framework */,
			);
			dependencies = (
				AAC8B7D27B3B17479E9DFE76 /* PBXTargetDependency */,
			);
			name = Framework;
			productName = Framework;
		};
/* End PBXAggregateTarget section */

/* Begin PBXBuildFile section */
        AA5672FFD786B945B4A724DA /* Foundation.framework in Frameworks */ = {isa = PBXBuildFile; fileRef = AA35454EF07E6B4E099C850F /* Foundation.framework */; };
        AA6D34CFBBA99B48399F2A98 /* Foundation.framework in Frameworks */ = {isa = PBXBuildFile; fileRef = AA35454EF07E6B4E099C850F /* Foundation.framework */; };
        AAAD9F7E448880438988CE93 /* UIKit.framework in Frameworks */ = {isa = PBXBuildFile; fileRef = AA3964230DC056487DB97A33 /* UIKit.framework */; };
        AA51BD5766550B4EFBB32376 /* libBuzzlogixTextAnalysisAPI.a in Frameworks */ = {isa = PBXBuildFile; fileRef = AA1FBC3B1DC6514E39A430CE /* libBuzzlogixTextAnalysisAPI.a */; };
        AA07A431449D974A6CBA8DF7 /* APIHelper.m in Sources */ = {isa = PBXBuildFile; fileRef = AA3027B2FFB0174F1AA1B7E1 /* APIHelper.m */; };
        AA8C8AFD33123F4E3D87DE2E /* APIError.m in Sources */ = {isa = PBXBuildFile; fileRef = AA9F1E245D42E04D9EB2BFE9 /* APIError.m */; };
        AA9AFABB1BD8084223915301 /* Configuration.m in Sources */ = {isa = PBXBuildFile; fileRef = AA7324693550114C928AE753 /* Configuration.m */; };
		AAECBB4A3EC73D4780982C83 /* TwittersentimentController.h in Headers */ = {isa = PBXBuildFile; fileRef = AA7C49E621523D4D1B825B12 /* TwittersentimentController.h */; settings = {ATTRIBUTES = (Public, ); }; };
		AAB9159B9B379845128E5CEB /* TwittersentimentController.m in Sources */ = {isa = PBXBuildFile; fileRef = AAD2ED17FB04374B8B8A65C9 /* TwittersentimentController.m */; };
		AA06AB50B595804B1AB48F6E /* KeywordsController.h in Headers */ = {isa = PBXBuildFile; fileRef = AA2D8320919E9940F894522F /* KeywordsController.h */; settings = {ATTRIBUTES = (Public, ); }; };
		AADBEC8D6707774F90A4B4F3 /* KeywordsController.m in Sources */ = {isa = PBXBuildFile; fileRef = AAD52E56370A4A474CA66651 /* KeywordsController.m */; };
		AA4405B26E0E0A4139B92693 /* ObjectivityController.h in Headers */ = {isa = PBXBuildFile; fileRef = AA2D53EEADD3FD4204965760 /* ObjectivityController.h */; settings = {ATTRIBUTES = (Public, ); }; };
		AA39A7146099F241A4A52815 /* ObjectivityController.m in Sources */ = {isa = PBXBuildFile; fileRef = AA75610E69CF8A4538936644 /* ObjectivityController.m */; };
		AA0C7D6A3B659643B2A8241C /* SentimentController.h in Headers */ = {isa = PBXBuildFile; fileRef = AA37315FC5CEB04CB6B98723 /* SentimentController.h */; settings = {ATTRIBUTES = (Public, ); }; };
		AAC52EC8A19AF64B8AB0E38C /* SentimentController.m in Sources */ = {isa = PBXBuildFile; fileRef = AAE9DD43316ECF463AA7FD08 /* SentimentController.m */; };
		AA88CCACA79CAC429AB362CE /* Configuration.h in Headers */ = {isa = PBXBuildFile; fileRef = AADF181E2F057B4832A1A007 /* Configuration.h */; settings = {ATTRIBUTES = (Public, ); }; };
		AA8B6D8CCE5D8B46CC846C60 /* APIError.h in Headers */ = {isa = PBXBuildFile; fileRef = AAE9628FBAE25C4CA39CFCCC /* APIError.h */; settings = {ATTRIBUTES = (Public, ); }; };
		AAB82543F8795E4475B09565 /* APIHelper.h in Headers */ = {isa = PBXBuildFile; fileRef = AA41D13BF1DF3F450BBA7BBF /* APIHelper.h */; settings = {ATTRIBUTES = (Public, ); }; };
		AA7E6252E799CA42F8A8758B /* libPods.a in Frameworks */ = {isa = PBXBuildFile; fileRef = AA8561E45224084F04AF738E /* libPods.a */; };
		AAD0B9A0C17A664853925169 /* libJSONModel.a in Frameworks */ = {isa = PBXBuildFile; fileRef = AA319200D0910B4264A7EE6B /* libJSONModel.a */; };		
		AA64652299E51743A5B36E12 /* libUnirest.a in Frameworks */ = {isa = PBXBuildFile; fileRef = AAC1274012E8BE43999DDA31 /* libUnirest.a */; };
		AA380D87EA9B354BFCB37AB5 /* IHttpClient.h in Headers */ = {isa = PBXBuildFile; fileRef = AACB96A958E4D34599A1E7D2 /* IHttpClient.h */; settings = {ATTRIBUTES = (Public, ); }; };
		AA7A000EDEAFAC446AB7AB30 /* HttpContext.h in Headers */ = {isa = PBXBuildFile; fileRef = AAA67B7A582ACE44E78833E3 /* HttpContext.h */; settings = {ATTRIBUTES = (Public, ); }; };
		AAA3951A59382349EC8C64B4 /* HttpContext.m in Sources */ = {isa = PBXBuildFile; fileRef = AACBB50B5CFF0A46029B1404 /* HttpContext.m */; };

		AAA3E92BC73BD949CDA01E2F /* UnirestClient.h in Headers */ = {isa = PBXBuildFile; fileRef = AA8E94A93EC32649288E9050 /* UnirestClient.h */; settings = {ATTRIBUTES = (Public, ); }; };
		AA2DD45C5FA26E434CB6185D /* UnirestClient.m in Sources */ = {isa = PBXBuildFile; fileRef = AA9E1A0D03CDA84672A8F155 /* UnirestClient.m */; };
		AA3B799049DDD445E4AB9BB8 /* HttpBodyRequest.h in Headers */ = {isa = PBXBuildFile; fileRef = AA84EC85C4416D4678B5724B /* HttpBodyRequest.h */; settings = {ATTRIBUTES = (Public, ); }; };
		AA43025814BEBA42A0B36472 /* HttpBodyRequest.m in Sources */ = {isa = PBXBuildFile; fileRef = AA468A65DAF6114BE189FC4E /* HttpBodyRequest.m */; };
		AA1167E502729846408CD692 /* HttpMethod.h in Headers */ = {isa = PBXBuildFile; fileRef = AAFC857D49219F40069C8D4D /* HttpMethod.h */; settings = {ATTRIBUTES = (Public, ); }; };
		AA60B78DD955974E6681BE15 /* HttpRequest.h in Headers */ = {isa = PBXBuildFile; fileRef = AA790987D052F449EC80F18E /* HttpRequest.h */; settings = {ATTRIBUTES = (Public, ); }; };
		AA467CCB4E8EB4489DA775C9 /* HttpRequest.m in Sources */ = {isa = PBXBuildFile; fileRef = AADC4AFE7D9EBD4039AB4358 /* HttpRequest.m */; };
		AAFC125060DEB444E095C770 /* HttpResponse.h in Headers */ = {isa = PBXBuildFile; fileRef = AA0A4D1E3D658E40649F57AA /* HttpResponse.h */; settings = {ATTRIBUTES = (Public, ); }; };
		AAB42F3D2F4D4A4924AEEF5E /* HttpResponse.m in Sources */ = {isa = PBXBuildFile; fileRef = AA1EEF2A08A94344B89DD1C0 /* HttpResponse.m */; };
		AA444FC45236FF4C58A23B35 /* HttpStringResponse.h in Headers */ = {isa = PBXBuildFile; fileRef = AA20BF3345E7F14C0BBBE094 /* HttpStringResponse.h */; settings = {ATTRIBUTES = (Public, ); }; };
		AA70A011C7D7484718B3EFED /* HttpStringResponse.m in Sources */ = {isa = PBXBuildFile; fileRef = AAC6DEF1135A784EA0B29D8A /* HttpStringResponse.m */; };
		AA8AAB128B21A04BDD82EA12 /* BaseController.h in Headers */ = {isa = PBXBuildFile; fileRef = AAD7CB9CB404B44F128E83F2 /* BaseController.h */; settings = {ATTRIBUTES = (Public, ); }; };
		AA13A572FD42B9475F96C98E /* BaseController.m in Sources */ = {isa = PBXBuildFile; fileRef = AA08F4D746679640EB8985BF /* BaseController.m */; };
/* End PBXBuildFile section */

/* Begin PBXContainerItemProxy section */
		AA698CD7D46C7E46E99C4057 /* PBXContainerItemProxy */ = {
			isa = PBXContainerItemProxy;
			containerPortal = AA96497DA7489B4005944CF4 /* Project object */;
			proxyType = 1;
			remoteGlobalIDString = AA17B73F44469849F4973246;
			remoteInfo = BuzzlogixTextAnalysisAPI;
		};
        AA698CD7D46C7E46E99C4057 /* PBXContainerItemProxy */ = {
            isa = PBXContainerItemProxy;
            containerPortal = AAC03C333AB20D45A288CE05 /* Project object */;
            proxyType = 1;
            remoteGlobalIDString = AA17B73F44469849F4973246;
            remoteInfo = BuzzlogixTextAnalysisAPI;
        };
/* End PBXContainerItemProxy section */

/* Begin PBXCopyFilesBuildPhase section */
        AAD58BF0EE9A4C44BB900E52 /* CopyFiles */ = {
            isa = PBXCopyFilesBuildPhase;
            buildActionMask = 2147483647;
            dstPath = "include/$(PRODUCT_NAME)";
            dstSubfolderSpec = 16;
            files = (
            );
            runOnlyForDeploymentPostprocessing = 0;
        };
/* End PBXCopyFilesBuildPhase section */

/* Begin PBXFileReference section */
        AA1FBC3B1DC6514E39A430CE /* libBuzzlogixTextAnalysisAPI.a */ = {isa = PBXFileReference; explicitFileType = archive.ar; includeInIndex = 0; path = libBuzzlogixTextAnalysisAPI.a; sourceTree = BUILT_PRODUCTS_DIR; };
        AA35454EF07E6B4E099C850F /* Foundation.framework */ = {isa = PBXFileReference; lastKnownFileType = wrapper.framework; name = Foundation.framework; path = System/Library/Frameworks/Foundation.framework; sourceTree = SDKROOT; };
        AA2AB90D996C704F9CBB689B /* BuzzlogixTextAnalysisAPI-Prefix.pch */ = {isa = PBXFileReference; lastKnownFileType = sourcecode.c.h; path = "BuzzlogixTextAnalysisAPI-Prefix.pch"; sourceTree = "<group>"; };
        AA3964230DC056487DB97A33 /* UIKit.framework */ = {isa = PBXFileReference; lastKnownFileType = wrapper.framework; name = UIKit.framework; path = Library/Frameworks/UIKit.framework; sourceTree = DEVELOPER_DIR; };
        AA3027B2FFB0174F1AA1B7E1 /* APIHelper.m */ = {isa = PBXFileReference; fileEncoding = 4; lastKnownFileType = sourcecode.c.objc; path = APIHelper.m; sourceTree = "<group>"; };
        AA41D13BF1DF3F450BBA7BBF /* APIHelper.h */ = {isa = PBXFileReference; fileEncoding = 4; lastKnownFileType = sourcecode.c.h; path = APIHelper.h; sourceTree = "<group>"; };		
        AA9F1E245D42E04D9EB2BFE9 /* APIError.m */ = {isa = PBXFileReference; fileEncoding = 4; lastKnownFileType = sourcecode.c.objc; path = APIError.m; sourceTree = "<group>"; };
        AAE9628FBAE25C4CA39CFCCC /* APIError.h */ = {isa = PBXFileReference; fileEncoding = 4; lastKnownFileType = sourcecode.c.h; path = APIError.h; sourceTree = "<group>"; };
        AA7324693550114C928AE753 /* Configuration.m */ = {isa = PBXFileReference; fileEncoding = 4; lastKnownFileType = sourcecode.c.objc; path = Configuration.m; sourceTree = "<group>"; };
        AADF181E2F057B4832A1A007 /* Configuration.h */ = {isa = PBXFileReference; fileEncoding = 4; lastKnownFileType = sourcecode.c.h; path = Configuration.h; sourceTree = "<group>"; };
		AA7C49E621523D4D1B825B12 /* TwittersentimentController.h */ = {isa = PBXFileReference; fileEncoding = 4; lastKnownFileType = sourcecode.c.h; name = TwittersentimentController.h; path = Controllers/TwittersentimentController.h; sourceTree = "<group>"; };
		AAD2ED17FB04374B8B8A65C9 /* TwittersentimentController.m */ = {isa = PBXFileReference; fileEncoding = 4; lastKnownFileType = sourcecode.c.objc; name = TwittersentimentController.m; path = Controllers/TwittersentimentController.m; sourceTree = "<group>"; };
		AA2D8320919E9940F894522F /* KeywordsController.h */ = {isa = PBXFileReference; fileEncoding = 4; lastKnownFileType = sourcecode.c.h; name = KeywordsController.h; path = Controllers/KeywordsController.h; sourceTree = "<group>"; };
		AAD52E56370A4A474CA66651 /* KeywordsController.m */ = {isa = PBXFileReference; fileEncoding = 4; lastKnownFileType = sourcecode.c.objc; name = KeywordsController.m; path = Controllers/KeywordsController.m; sourceTree = "<group>"; };
		AA2D53EEADD3FD4204965760 /* ObjectivityController.h */ = {isa = PBXFileReference; fileEncoding = 4; lastKnownFileType = sourcecode.c.h; name = ObjectivityController.h; path = Controllers/ObjectivityController.h; sourceTree = "<group>"; };
		AA75610E69CF8A4538936644 /* ObjectivityController.m */ = {isa = PBXFileReference; fileEncoding = 4; lastKnownFileType = sourcecode.c.objc; name = ObjectivityController.m; path = Controllers/ObjectivityController.m; sourceTree = "<group>"; };
		AA37315FC5CEB04CB6B98723 /* SentimentController.h */ = {isa = PBXFileReference; fileEncoding = 4; lastKnownFileType = sourcecode.c.h; name = SentimentController.h; path = Controllers/SentimentController.h; sourceTree = "<group>"; };
		AAE9DD43316ECF463AA7FD08 /* SentimentController.m */ = {isa = PBXFileReference; fileEncoding = 4; lastKnownFileType = sourcecode.c.objc; name = SentimentController.m; path = Controllers/SentimentController.m; sourceTree = "<group>"; };
		AA8561E45224084F04AF738E /* libPods.a */ = {isa = PBXFileReference; explicitFileType = archive.ar; includeInIndex = 0; path = libPods.a; sourceTree = BUILT_PRODUCTS_DIR; };
		AA319200D0910B4264A7EE6B /* libJSONModel.a */ = {isa = PBXFileReference; lastKnownFileType = file; name = "libJSONModel.a"; path = "libJSONModel.a"; sourceTree = "<group>"; };
		AAC1274012E8BE43999DDA31 /* libUnirest.a */ = {isa = PBXFileReference; lastKnownFileType = file; name = "libUnirest.a"; path = "libUnirest.a"; sourceTree = "<group>"; };
        AACB96A958E4D34599A1E7D2 /* IHttpClient.h */ = {isa = PBXFileReference; fileEncoding = 4; lastKnownFileType = sourcecode.c.h; name = IHttpClient.h; path = Http/Client/IHttpClient.h; sourceTree = "<group>"; };
		AA8E94A93EC32649288E9050 /* UnirestClient.h */ = {isa = PBXFileReference; fileEncoding = 4; lastKnownFileType = sourcecode.c.h; name = UnirestClient.h; path = Http/Client/UnirestClient.h; sourceTree = "<group>"; };
		AA9E1A0D03CDA84672A8F155 /* UnirestClient.m */ = {isa = PBXFileReference; fileEncoding = 4; lastKnownFileType = sourcecode.c.objc; name = UnirestClient.m; path = Http/Client/UnirestClient.m; sourceTree = "<group>"; };
		AAA67B7A582ACE44E78833E3 /* HttpContext.h */ = {isa = PBXFileReference; fileEncoding = 4; lastKnownFileType = sourcecode.c.h; name = HttpContext.h; path = Http/Client/HttpContext.h; sourceTree = "<group>"; };
		AACBB50B5CFF0A46029B1404 /* HttpContext.m */ = {isa = PBXFileReference; fileEncoding = 4; lastKnownFileType = sourcecode.c.objc;name = HttpContext.m;  path = Http/Client/HttpContext.m; sourceTree = "<group>"; };

		AA84EC85C4416D4678B5724B /* HttpBodyRequest.h */ = {isa = PBXFileReference; fileEncoding = 4; lastKnownFileType = sourcecode.c.h; name = HttpBodyRequest.h; path = Http/Request/HttpBodyRequest.h; sourceTree = "<group>"; };
		AA468A65DAF6114BE189FC4E /* HttpBodyRequest.m */ = {isa = PBXFileReference; fileEncoding = 4; lastKnownFileType = sourcecode.c.objc; name = HttpBodyRequest.m; path = Http/Request/HttpBodyRequest.m; sourceTree = "<group>"; };
		AAFC857D49219F40069C8D4D /* HttpMethod.h */ = {isa = PBXFileReference; fileEncoding = 4; lastKnownFileType = sourcecode.c.h; name = HttpMethod.h; path = Http/Request/HttpMethod.h; sourceTree = "<group>"; };
		AA790987D052F449EC80F18E /* HttpRequest.h */ = {isa = PBXFileReference; fileEncoding = 4; lastKnownFileType = sourcecode.c.h; name = HttpRequest.h; path = Http/Request/HttpRequest.h; sourceTree = "<group>"; };
		AADC4AFE7D9EBD4039AB4358 /* HttpRequest.m */ = {isa = PBXFileReference; fileEncoding = 4; lastKnownFileType = sourcecode.c.objc; name = HttpRequest.m; path = Http/Request/HttpRequest.m; sourceTree = "<group>"; };
		AA0A4D1E3D658E40649F57AA /* HttpResponse.h */ = {isa = PBXFileReference; fileEncoding = 4; lastKnownFileType = sourcecode.c.h; name = HttpResponse.h; path = Http/Response/HttpResponse.h; sourceTree = "<group>"; };
		AA1EEF2A08A94344B89DD1C0 /* HttpResponse.m */ = {isa = PBXFileReference; fileEncoding = 4; lastKnownFileType = sourcecode.c.objc; name = HttpResponse.m; path = Http/Response/HttpResponse.m; sourceTree = "<group>"; };
		AA20BF3345E7F14C0BBBE094 /* HttpStringResponse.h */ = {isa = PBXFileReference; fileEncoding = 4; lastKnownFileType = sourcecode.c.h; name = HttpStringResponse.h; path = Http/Response/HttpStringResponse.h; sourceTree = "<group>"; };
		AAC6DEF1135A784EA0B29D8A /* HttpStringResponse.m */ = {isa = PBXFileReference; fileEncoding = 4; lastKnownFileType = sourcecode.c.objc; name = HttpStringResponse.m; path = Http/Response/HttpStringResponse.m; sourceTree = "<group>"; };
		AAD7CB9CB404B44F128E83F2 /* BaseController.h */ = {isa = PBXFileReference; fileEncoding = 4; lastKnownFileType = sourcecode.c.h; name = BaseController.h; path = Controllers/BaseController.h; sourceTree = "<group>"; };
		AA08F4D746679640EB8985BF /* BaseController.m */ = {isa = PBXFileReference; fileEncoding = 4; lastKnownFileType = sourcecode.c.objc; name = BaseController.m; path = Controllers/BaseController.m; sourceTree = "<group>"; };
/* End PBXFileReference section */

/* Begin PBXFrameworksBuildPhase section */
        AA088FEB6248044C799695B1 /* Frameworks */ = {
            isa = PBXFrameworksBuildPhase;
            buildActionMask = 2147483647;
            files = (
                AA5672FFD786B945B4A724DA /* Foundation.framework in Frameworks */,
				AA64652299E51743A5B36E12 /* libUnirest.a in Frameworks */,				
				AAD0B9A0C17A664853925169 /* libJSONModel.a in Frameworks */,				
				AA7E6252E799CA42F8A8758B /* libPods.a in Frameworks */,
            );
            runOnlyForDeploymentPostprocessing = 0;
        };
        AA7028338131EF4F30B647D2 /* Frameworks */ = {
            isa = PBXFrameworksBuildPhase;
            buildActionMask = 2147483647;
            files = (
                AAAD9F7E448880438988CE93 /* UIKit.framework in Frameworks */,
                AA51BD5766550B4EFBB32376 /* libBuzzlogixTextAnalysisAPI.a in Frameworks */,
                AA6D34CFBBA99B48399F2A98 /* Foundation.framework in Frameworks */,
            );
            runOnlyForDeploymentPostprocessing = 0;
        };
/* End PBXFrameworksBuildPhase section */

/* Begin PBXGroup section */
        AA4D7E61936310444C9D753F = {
            isa = PBXGroup;
            children = (
                AAAF4C83FA838E4931B3F7E2 /* BuzzlogixTextAnalysisAPI */,
                AA1B67BDD0C1F8497DA4AAF8 /* Frameworks */,
                AA53453B925CB746A19D00D2 /* Products */,
            );
            sourceTree = "<group>";
        };
        AA53453B925CB746A19D00D2 /* Products */ = {
            isa = PBXGroup;
            children = (
                AA1FBC3B1DC6514E39A430CE /* libBuzzlogixTextAnalysisAPI.a */,
            );
            name = Products;
            sourceTree = "<group>";
        };
        AA1B67BDD0C1F8497DA4AAF8 /* Frameworks */ = {
            isa = PBXGroup;
            children = (
				AAC1274012E8BE43999DDA31 /* libUnirest.a */,
				AA319200D0910B4264A7EE6B /* libJSONModel.a */,
				AA8561E45224084F04AF738E /* libPods.a */,
                AA35454EF07E6B4E099C850F /* Foundation.framework */,
                AA3964230DC056487DB97A33 /* UIKit.framework */,
            );
            name = Frameworks;
            sourceTree = "<group>";
        };
        AAAF4C83FA838E4931B3F7E2 /* BuzzlogixTextAnalysisAPI */ = {
            isa = PBXGroup;
            children = (
                AA46855B23097E4AB3B51033 /* Models */,
                AAEBE68F808E8F48B591AC48 /* Http */,
                AA2A081638BB0B404A8DA89E /* Controllers */,
                AADFDDCDF18012468EAADF75 /* Supporting Files */,
                AA3027B2FFB0174F1AA1B7E1 /* APIHelper.m */,
                AA41D13BF1DF3F450BBA7BBF /* APIHelper.h */,
                AA9F1E245D42E04D9EB2BFE9 /* APIError.m */,
                AAE9628FBAE25C4CA39CFCCC /* APIError.h */,
                AA7324693550114C928AE753 /* Configuration.m */,
                AADF181E2F057B4832A1A007 /* Configuration.h */,
            );
            path = BuzzlogixTextAnalysisAPI;
            sourceTree = "<group>";
        };
        AADFDDCDF18012468EAADF75 /* Supporting Files */ = {
            isa = PBXGroup;
            children = (
                AA2AB90D996C704F9CBB689B /* BuzzlogixTextAnalysisAPI-Prefix.pch */,
            );
            name = "Supporting Files";
            sourceTree = "<group>";
        };
        AA2A081638BB0B404A8DA89E /* Controllers */ = {
            isa = PBXGroup;
            children = (
				AAD7CB9CB404B44F128E83F2 /* BaseController.h */,
				AA08F4D746679640EB8985BF /* BaseController.m */,
				AA7C49E621523D4D1B825B12 /* TwittersentimentController.h */,
				AAD2ED17FB04374B8B8A65C9 /* TwittersentimentController.m */,
				AA2D8320919E9940F894522F /* KeywordsController.h */,
				AAD52E56370A4A474CA66651 /* KeywordsController.m */,
				AA2D53EEADD3FD4204965760 /* ObjectivityController.h */,
				AA75610E69CF8A4538936644 /* ObjectivityController.m */,
				AA37315FC5CEB04CB6B98723 /* SentimentController.h */,
				AAE9DD43316ECF463AA7FD08 /* SentimentController.m */,
            );
            name = Controllers;
            sourceTree = "<group>";
        };
		AA410D29BF5CC2489C88C666 /* Client */ = {
			isa = PBXGroup;
			children = (
				AACB96A958E4D34599A1E7D2 /* IHttpClient.h */,
				AA8E94A93EC32649288E9050 /* UnirestClient.h */,
				AA9E1A0D03CDA84672A8F155 /* UnirestClient.m */,
				AAA67B7A582ACE44E78833E3 /* HttpContext.h */,
				AACBB50B5CFF0A46029B1404 /* HttpContext.m */,
			);
			name = Client;
			sourceTree = "<group>";
		};
		AAEBE68F808E8F48B591AC48 /* Http */ = {
			isa = PBXGroup;
			children = (
				AA030C7D97E3FE4720A53971 /* Request */,
				AA410D29BF5CC2489C88C666 /* Client */,
				AAA35AEAED503E4029AD3771 /* Response */,
			);
			name = Http;
			sourceTree = "<group>";
		};
		AA030C7D97E3FE4720A53971 /* Request */ = {
			isa = PBXGroup;
			children = (
				AA84EC85C4416D4678B5724B /* HttpBodyRequest.h */,
				AA468A65DAF6114BE189FC4E /* HttpBodyRequest.m */,
				AAFC857D49219F40069C8D4D /* HttpMethod.h */,
				AA790987D052F449EC80F18E /* HttpRequest.h */,
				AADC4AFE7D9EBD4039AB4358 /* HttpRequest.m */,
			);
			name = Request;
			sourceTree = "<group>";
		};
		AAA35AEAED503E4029AD3771 /* Response */ = {
			isa = PBXGroup;
			children = (
				AA0A4D1E3D658E40649F57AA /* HttpResponse.h */,
				AA1EEF2A08A94344B89DD1C0 /* HttpResponse.m */,
				AA20BF3345E7F14C0BBBE094 /* HttpStringResponse.h */,
				AAC6DEF1135A784EA0B29D8A /* HttpStringResponse.m */,
			);
			name = Response;
			sourceTree = "<group>";
		};
        AA46855B23097E4AB3B51033 /* Models */ = {
            isa = PBXGroup;
            children = (
            );
            name = Models;
            sourceTree = "<group>";
        };
/* End PBXGroup section */

/* Begin PBXHeadersBuildPhase section */
		AA5F669AD8638043539B533E /* Headers */ = {
			isa = PBXHeadersBuildPhase;
			buildActionMask = 2147483647;
			files = (
		AAECBB4A3EC73D4780982C83 /* TwittersentimentController.h in Headers */,
		AA06AB50B595804B1AB48F6E /* KeywordsController.h in Headers */,
		AA4405B26E0E0A4139B92693 /* ObjectivityController.h in Headers */,
		AA0C7D6A3B659643B2A8241C /* SentimentController.h in Headers */,
		AAB82543F8795E4475B09565 /* APIHelper.h in Headers */,
		AA88CCACA79CAC429AB362CE /* Configuration.h in Headers */,
		AA8B6D8CCE5D8B46CC846C60 /* APIError.h in Headers */,
		AA3B799049DDD445E4AB9BB8 /* HttpBodyRequest.h in Headers */,
		AA60B78DD955974E6681BE15 /* HttpRequest.h in Headers */,
		AA380D87EA9B354BFCB37AB5 /* IHttpClient.h in Headers */,
		AA7A000EDEAFAC446AB7AB30 /* HttpContext.h in Headers */,

		AA8AAB128B21A04BDD82EA12 /* BaseController.h in Headers */,
		AAFC125060DEB444E095C770 /* HttpResponse.h in Headers */,
		AAA3E92BC73BD949CDA01E2F /* UnirestClient.h in Headers */,
		AA444FC45236FF4C58A23B35 /* HttpStringResponse.h in Headers */,
		AA1167E502729846408CD692 /* HttpMethod.h in Headers */,
			);
			runOnlyForDeploymentPostprocessing = 0;
		};
/* End PBXHeadersBuildPhase section */

/* Begin PBXNativeTarget section */
        AA17B73F44469849F4973246 /* BuzzlogixTextAnalysisAPI */ = {
            isa = PBXNativeTarget;
            buildConfigurationList = AAF0C853F161FD43A891AC14 /* Build configuration list for PBXNativeTarget "BuzzlogixTextAnalysisAPI" */;
            buildPhases = (
                AA7102E2B3F0444504B89DFC /* Sources */,
                AA088FEB6248044C799695B1 /* Frameworks */,
                AAD58BF0EE9A4C44BB900E52 /* CopyFiles */,
				AA5F669AD8638043539B533E /* Headers */,
				AAB88A14FBBBE44911A2BB76 /* Build Framework */,
            );
            buildRules = (
            );
            dependencies = (
            );
            name = BuzzlogixTextAnalysisAPI;
            productName = BuzzlogixTextAnalysisAPI;
            productReference = AA1FBC3B1DC6514E39A430CE /* libBuzzlogixTextAnalysisAPI.a */;
            productType = "com.apple.product-type.library.static";
        };		
/* End PBXNativeTarget section */

/* Begin PBXProject section */
        AAC03C333AB20D45A288CE05 /* Project object */ = {
            isa = PBXProject;
            attributes = {
                LastUpgradeCheck = 0500;
                ORGANIZATIONNAME = APIMatic;
            };
            buildConfigurationList = AA5BECABE407174483A3C266 /* Build configuration list for PBXProject "BuzzlogixTextAnalysisAPI" */;
            compatibilityVersion = "Xcode 3.2";
            developmentRegion = English;
            hasScannedForEncodings = 0;
            knownRegions = (
                en,
            );
            mainGroup = AA4D7E61936310444C9D753F;
            productRefGroup = AA53453B925CB746A19D00D2 /* Products */;
            projectDirPath = "";
            projectRoot = "";
            targets = (
                AA17B73F44469849F4973246 /* BuzzlogixTextAnalysisAPI */,
				AAF3F7FC328F2A4311986282 /* Framework */,
            );
        };
/* End PBXProject section */

/* Begin PBXShellScriptBuildPhase section */
		AAB88A14FBBBE44911A2BB76 /* Build Framework */ = {
			isa = PBXShellScriptBuildPhase;
			buildActionMask = 2147483647;
			files = (
			);
			inputPaths = (
			);
			name = "Build Framework";
			outputPaths = (
			);
			runOnlyForDeploymentPostprocessing = 0;
			shellPath = /bin/sh;
			shellScript = "#Credit: http://www.raywenderlich.com/65964/create-a-framework-for-ios\nset -e\n\nexport FRAMEWORK_LOCN=\"${BUILT_PRODUCTS_DIR}/${PRODUCT_NAME}.framework\"\n\n# Create the path to the real Headers die\nmkdir -p \"${FRAMEWORK_LOCN}/Versions/A/Headers\"\n\n# Create the required symlinks\n/bin/ln -sfh A \"${FRAMEWORK_LOCN}/Versions/Current\"\n/bin/ln -sfh Versions/Current/Headers \"${FRAMEWORK_LOCN}/Headers\"\n/bin/ln -sfh \"Versions/Current/${PRODUCT_NAME}\" \\\n\"${FRAMEWORK_LOCN}/${PRODUCT_NAME}\"\n\n# Copy the public headers into the framework\n/bin/cp -f -r \"${PODS_ROOT}/Headers/Public/JSONModel/\" \\\n\"${FRAMEWORK_LOCN}/Versions/A/Headers\"\n\n# Copy the public headers into the framework\n/bin/cp -f -r \"${PODS_ROOT}/Headers/Public/Unirest/\" \\\n\"${FRAMEWORK_LOCN}/Versions/A/Headers\"\n\n# Copy the public headers into the framework\n/bin/cp -f -r \"${TARGET_BUILD_DIR}/${PUBLIC_HEADERS_FOLDER_PATH}/\" \\\n\"${FRAMEWORK_LOCN}/Versions/A/Headers\"";
		};
		AA2A1974B6D4EA4B59B216AA /* MultiBuild Framework */ = {
			isa = PBXShellScriptBuildPhase;
			buildActionMask = 2147483647;
			files = (
			);
			inputPaths = (
			);
			name = "MultiBuild Framework";
			outputPaths = (
			);
			runOnlyForDeploymentPostprocessing = 0;
			shellPath = /bin/sh;
			shellScript = "#Credit: http://www.raywenderlich.com/65964/create-a-framework-for-ios\nset -e\n\n# If we're already inside this script then die\nif [ -n \"$RW_MULTIPLATFORM_BUILD_IN_PROGRESS\" ]; then\nexit 0\nfi\n\nexport RW_MULTIPLATFORM_BUILD_IN_PROGRESS=1\n\nRW_FRAMEWORK_NAME=${PROJECT_NAME}\nRW_INPUT_STATIC_LIB=\"lib${PROJECT_NAME}.a\"\nRW_FRAMEWORK_LOCATION=\"${BUILT_PRODUCTS_DIR}/${RW_FRAMEWORK_NAME}.framework\"\n\nfunction build_static_library {\n    # Will rebuild the static library as specified\n    #     build_static_library sdk\n     \n     xcrun xcodebuild \\\n    -workspace \"${PROJECT_DIR}/${PROJECT_NAME}.xcworkspace\" \\\n    -scheme \"${TARGET_NAME}\" \\\n    -configuration \"${CONFIGURATION}\" \\\n    -sdk \"${1}\" \\\n    ONLY_ACTIVE_ARCH=NO \\\n    BUILD_DIR=\"${BUILD_DIR}\" \\\n    OBJROOT=\"${OBJROOT}\" \\\n    BUILD_ROOT=\"${BUILD_ROOT}\" \\\n    SYMROOT=\"${SYMROOT}\" $ACTION\n}\n\nfunction make_fat_library {\n    # Will smash 2 static libs together\n    #     make_fat_library in1 in2 out\n    xcrun lipo -create \"${1}\" \"${2}\" -output \"${3}\"\n}\n\n# 1 - Extract the platform (iphoneos/iphonesimulator) from the SDK name\nif [[ \"$SDK_NAME\" =~ ([A-Za-z]+) ]]; then\nRW_SDK_PLATFORM=${BASH_REMATCH[1]}\nelse\necho \"Could not find platform name from SDK_NAME: $SDK_NAME\"\nexit 1\nfi\n\n# 2 - Extract the version from the SDK\nif [[ \"$SDK_NAME\" =~ ([0-9]+.*$) ]]; then\nRW_SDK_VERSION=${BASH_REMATCH[1]}\nelse\necho \"Could not find sdk version from SDK_NAME: $SDK_NAME\"\nexit 1\nfi\n\n# 3 - Determine the other platform\nif [ \"$RW_SDK_PLATFORM\" == \"iphoneos\" ]; then\nRW_OTHER_PLATFORM=iphonesimulator\nelse\nRW_OTHER_PLATFORM=iphoneos\nfi\n\n# 4 - Find the build directory\nif [[ \"$BUILT_PRODUCTS_DIR\" =~ (.*)$RW_SDK_PLATFORM$ ]]; then\nRW_OTHER_BUILT_PRODUCTS_DIR=\"${BASH_REMATCH[1]}${RW_OTHER_PLATFORM}\"\nelse\necho \"Could not find other platform build directory.\"\nexit 1\nfi\n\n# Build the other platform.\nbuild_static_library \"${RW_OTHER_PLATFORM}${RW_SDK_VERSION}\"\n\n# If we're currently building for iphonesimulator, then need to rebuild\n#   to ensure that we get both i386 and x86_64\nif [ \"$RW_SDK_PLATFORM\" == \"iphonesimulator\" ]; then\nbuild_static_library \"${SDK_NAME}\"\nfi\n\n# Join the 2 static libs into 1 and push into the .framework\nmake_fat_library \"${BUILT_PRODUCTS_DIR}/${RW_INPUT_STATIC_LIB}\" \\\n\"${RW_OTHER_BUILT_PRODUCTS_DIR}/${RW_INPUT_STATIC_LIB}\" \\\n\"${RW_FRAMEWORK_LOCATION}/Versions/A/${RW_FRAMEWORK_NAME}\"\n\n# Ensure that the framework is present in both platform's build directories\ncp -a \"${RW_FRAMEWORK_LOCATION}/Versions/A/${RW_FRAMEWORK_NAME}\" \\\n\"${RW_OTHER_BUILT_PRODUCTS_DIR}/${RW_FRAMEWORK_NAME}.framework/Versions/A/${RW_FRAMEWORK_NAME}\"\n\n# Copy the framework to the user's desktop\nditto \"${RW_FRAMEWORK_LOCATION}\" \"${HOME}/Desktop/${RW_FRAMEWORK_NAME}.framework\"";
		};
/* End PBXShellScriptBuildPhase section */

/* Begin PBXSourcesBuildPhase section */
        AA7102E2B3F0444504B89DFC /* Sources */ = {
            isa = PBXSourcesBuildPhase;
            buildActionMask = 2147483647;
            files = (
                AA07A431449D974A6CBA8DF7 /* APIHelper.m in Sources */,
                AA8C8AFD33123F4E3D87DE2E /* APIError.m in Sources */,
                AA9AFABB1BD8084223915301 /* Configuration.m in Sources */,
				AAB9159B9B379845128E5CEB /* TwittersentimentController.m in Sources */,
				AADBEC8D6707774F90A4B4F3 /* KeywordsController.m in Sources */,
				AA39A7146099F241A4A52815 /* ObjectivityController.m in Sources */,
				AAC52EC8A19AF64B8AB0E38C /* SentimentController.m in Sources */,
				 AA43025814BEBA42A0B36472 /* HttpBodyRequest.m in Sources */,
				 AA13A572FD42B9475F96C98E /* BaseController.m in Sources */,
				 AA2DD45C5FA26E434CB6185D /* UnirestClient.m in Sources */,
				 AAA3951A59382349EC8C64B4 /* UnirestClient.m in Sources */,
				 AAB42F3D2F4D4A4924AEEF5E /* HttpResponse.m in Sources */,
				 AA70A011C7D7484718B3EFED /* HttpStringResponse.m in Sources */,
				 AA467CCB4E8EB4489DA775C9 /* HttpRequest.m in Sources */,
            );
            runOnlyForDeploymentPostprocessing = 0;
        };
/* End PBXSourcesBuildPhase section */

/* Begin PBXTargetDependency section */
		AAC8B7D27B3B17479E9DFE76 /* PBXTargetDependency */ = {
			isa = PBXTargetDependency;
			target = AA17B73F44469849F4973246 /* BuzzlogixTextAnalysisAPI */;
			targetProxy = AA698CD7D46C7E46E99C4057 /* PBXContainerItemProxy */;
		};
        AADBF1ABCB06924F2BA0F64A /* PBXTargetDependency */ = {
            isa = PBXTargetDependency;
            target = AA17B73F44469849F4973246 /* BuzzlogixTextAnalysisAPI */;
            targetProxy = AA698CD7D46C7E46E99C4057 /* PBXContainerItemProxy */;
        };
/* End PBXTargetDependency section */

/* Begin XCBuildConfiguration section */
		AAEE0173C62CB9454BB5FDE6 /* Debug */ = {
			isa = XCBuildConfiguration;
			buildSettings = {
				PRODUCT_NAME = "$(TARGET_NAME)";
			};
			name = Debug;
		};
		AA7C88C10657B34F8EBD86C4 /* Release */ = {
			isa = XCBuildConfiguration;
			buildSettings = {
				PRODUCT_NAME = "$(TARGET_NAME)";
			};
			name = Release;
		};
        AA2B7CCEC40EE545FBA9B564 /* Debug */ = {
            isa = XCBuildConfiguration;
            buildSettings = {
                ALWAYS_SEARCH_USER_PATHS = NO;
                ARCHS = "$(ARCHS_STANDARD_INCLUDING_64_BIT)";
                CLANG_CXX_LANGUAGE_STANDARD = "gnu++0x";
                CLANG_CXX_LIBRARY = "libc++";
                CLANG_ENABLE_MODULES = YES;
                CLANG_ENABLE_OBJC_ARC = YES;
                CLANG_WARN_BOOL_CONVERSION = YES;
                CLANG_WARN_CONSTANT_CONVERSION = YES;
                CLANG_WARN_DIRECT_OBJC_ISA_USAGE = YES_ERROR;
                CLANG_WARN_EMPTY_BODY = YES;
                CLANG_WARN_ENUM_CONVERSION = YES;
                CLANG_WARN_INT_CONVERSION = YES;
                CLANG_WARN_OBJC_ROOT_CLASS = YES_ERROR;
                CLANG_WARN__DUPLICATE_METHOD_MATCH = YES;
                COPY_PHASE_STRIP = NO;
                GCC_C_LANGUAGE_STANDARD = gnu99;
                GCC_DYNAMIC_NO_PIC = NO;
                GCC_OPTIMIZATION_LEVEL = 0;
                GCC_PREPROCESSOR_DEFINITIONS = (
                    "DEBUG=1",
                    "$(inherited)",
                );
                GCC_SYMBOLS_PRIVATE_EXTERN = NO;
                GCC_WARN_64_TO_32_BIT_CONVERSION = YES;
                GCC_WARN_ABOUT_RETURN_TYPE = YES_ERROR;
                GCC_WARN_UNDECLARED_SELECTOR = YES;
                GCC_WARN_UNINITIALIZED_AUTOS = YES;
                GCC_WARN_UNUSED_FUNCTION = YES;
                GCC_WARN_UNUSED_VARIABLE = YES;
                IPHONEOS_DEPLOYMENT_TARGET = 7.0;
                ONLY_ACTIVE_ARCH = YES;
                SDKROOT = iphoneos;
            };
            name = Debug;
        };
        AA6923A4F1DA9948E7896662 /* Release */ = {
            isa = XCBuildConfiguration;
            buildSettings = {
                ALWAYS_SEARCH_USER_PATHS = NO;
                ARCHS = "$(ARCHS_STANDARD_INCLUDING_64_BIT)";
                CLANG_CXX_LANGUAGE_STANDARD = "gnu++0x";
                CLANG_CXX_LIBRARY = "libc++";
                CLANG_ENABLE_MODULES = YES;
                CLANG_ENABLE_OBJC_ARC = YES;
                CLANG_WARN_BOOL_CONVERSION = YES;
                CLANG_WARN_CONSTANT_CONVERSION = YES;
                CLANG_WARN_DIRECT_OBJC_ISA_USAGE = YES_ERROR;
                CLANG_WARN_EMPTY_BODY = YES;
                CLANG_WARN_ENUM_CONVERSION = YES;
                CLANG_WARN_INT_CONVERSION = YES;
                CLANG_WARN_OBJC_ROOT_CLASS = YES_ERROR;
                CLANG_WARN__DUPLICATE_METHOD_MATCH = YES;
                COPY_PHASE_STRIP = YES;
                ENABLE_NS_ASSERTIONS = NO;
                GCC_C_LANGUAGE_STANDARD = gnu99;
                GCC_WARN_64_TO_32_BIT_CONVERSION = YES;
                GCC_WARN_ABOUT_RETURN_TYPE = YES_ERROR;
                GCC_WARN_UNDECLARED_SELECTOR = YES;
                GCC_WARN_UNINITIALIZED_AUTOS = YES;
                GCC_WARN_UNUSED_FUNCTION = YES;
                GCC_WARN_UNUSED_VARIABLE = YES;
                IPHONEOS_DEPLOYMENT_TARGET = 7.0;
                SDKROOT = iphoneos;
                VALIDATE_PRODUCT = YES;
            };
            name = Release;
        };
        AAF9354B46F2A24AB1A70DD1 /* Debug */ = {
            isa = XCBuildConfiguration;
            buildSettings = {
                DEAD_CODE_STRIPPING = NO;
                DSTROOT = /tmp/BuzzlogixTextAnalysisAPI.dst;
                GCC_PRECOMPILE_PREFIX_HEADER = YES;
                GCC_PREFIX_HEADER = "BuzzlogixTextAnalysisAPI/BuzzlogixTextAnalysisAPI-Prefix.pch";
                OTHER_LDFLAGS = "";
                PRODUCT_NAME = "$(TARGET_NAME)";
				PUBLIC_HEADERS_FOLDER_PATH = "include/$(PROJECT_NAME)";
                SKIP_INSTALL = YES;
				STRIP_INSTALLED_PRODUCT = NO;
				STRIP_STYLE = "non-global";
            };
            name = Debug;
        };
        AACADEA9416AC242B0B0D4BA /* Release */ = {
            isa = XCBuildConfiguration;
            buildSettings = {
				COPY_PHASE_STRIP = NO;
				DEAD_CODE_STRIPPING = NO;
                DSTROOT = /tmp/BuzzlogixTextAnalysisAPI.dst;
                GCC_PRECOMPILE_PREFIX_HEADER = YES;
                GCC_PREFIX_HEADER = "BuzzlogixTextAnalysisAPI/BuzzlogixTextAnalysisAPI-Prefix.pch";
                OTHER_LDFLAGS = "";
                PRODUCT_NAME = "$(TARGET_NAME)";
				PUBLIC_HEADERS_FOLDER_PATH = "include/$(PROJECT_NAME)";
                SKIP_INSTALL = YES;
				STRIP_INSTALLED_PRODUCT = NO;
				STRIP_STYLE = "non-global";
            };
            name = Release;
        };
/* End XCBuildConfiguration section */

/* Begin XCConfigurationList section */
		AAFCF93124C78B45B78A7086 /* Build configuration list for PBXAggregateTarget "Framework" */ = {
			isa = XCConfigurationList;
			buildConfigurations = (
				AAEE0173C62CB9454BB5FDE6 /* Debug */,
				AA7C88C10657B34F8EBD86C4 /* Release */,
			);
			defaultConfigurationIsVisible = 0;
		};
        AA5BECABE407174483A3C266 /* Build configuration list for PBXProject "BuzzlogixTextAnalysisAPI" */ = {
            isa = XCConfigurationList;
            buildConfigurations = (
                AA2B7CCEC40EE545FBA9B564 /* Debug */,
                AA6923A4F1DA9948E7896662 /* Release */,
            );
            defaultConfigurationIsVisible = 0;
            defaultConfigurationName = Release;
        };
        AAF0C853F161FD43A891AC14 /* Build configuration list for PBXNativeTarget "BuzzlogixTextAnalysisAPI" */ = {
            isa = XCConfigurationList;
            buildConfigurations = (
                AAF9354B46F2A24AB1A70DD1 /* Debug */,
                AACADEA9416AC242B0B0D4BA /* Release */,
            );
            defaultConfigurationIsVisible = 0;
            defaultConfigurationName = Release;
        };
/* End XCConfigurationList section */
    };
    rootObject = AAC03C333AB20D45A288CE05 /* Project object */;
}